
Microsoft Visual Studio Solution File, Format Version 12.00
# Visual Studio Version 17
VisualStudioVersion = 17.9.34616.47
MinimumVisualStudioVersion = 10.0.40219.1
Project("{9A19103F-16F7-4668-BE54-9A1E7A4F7556}") = "Order Management System", "Order Management System\Order Management System.csproj", "{616348BA-8D7A-4005-A0F5-B05D84ADC74F}"
EndProject
Project("{9A19103F-16F7-4668-BE54-9A1E7A4F7556}") = "OrderSys.Repository", "OrederSys.Core\OrderSys.Repository.csproj", "{B29B7FC2-E167-473C-BCFB-5B3ECAEC09B1}"
EndProject
Project("{9A19103F-16F7-4668-BE54-9A1E7A4F7556}") = "OrderSys.Core", "OrderSys.Repository\OrderSys.Core.csproj", "{2DFE3321-3871-4DFC-B28D-85DBF4909A40}"
EndProject
Project("{9A19103F-16F7-4668-BE54-9A1E7A4F7556}") = "OrderSys.Service", "OrderSys.Service\OrderSys.Service.csproj", "{3E21EAB7-F1DB-4D63-85D2-AAFBF91D67C3}"
EndProject
Project("{FAE04EC0-301F-11D3-BF4B-00C04F79EFBC}") = "UnitTest", "UnitTest\UnitTest.csproj", "{10A628B7-D038-4777-9B17-0AE92B418D73}"
EndProject
Global
	GlobalSection(SolutionConfigurationPlatforms) = preSolution
		Debug|Any CPU = Debug|Any CPU
		Release|Any CPU = Release|Any CPU
	EndGlobalSection
	GlobalSection(ProjectConfigurationPlatforms) = postSolution
		{616348BA-8D7A-4005-A0F5-B05D84ADC74F}.Debug|Any CPU.ActiveCfg = Debug|Any CPU
		{616348BA-8D7A-4005-A0F5-B05D84ADC74F}.Debug|Any CPU.Build.0 = Debug|Any CPU
		{616348BA-8D7A-4005-A0F5-B05D84ADC74F}.Release|Any CPU.ActiveCfg = Release|Any CPU
		{616348BA-8D7A-4005-A0F5-B05D84ADC74F}.Release|Any CPU.Build.0 = Release|Any CPU
		{B29B7FC2-E167-473C-BCFB-5B3ECAEC09B1}.Debug|Any CPU.ActiveCfg = Debug|Any CPU
		{B29B7FC2-E167-473C-BCFB-5B3ECAEC09B1}.Debug|Any CPU.Build.0 = Debug|Any CPU
		{B29B7FC2-E167-473C-BCFB-5B3ECAEC09B1}.Release|Any CPU.ActiveCfg = Release|Any CPU
		{B29B7FC2-E167-473C-BCFB-5B3ECAEC09B1}.Release|Any CPU.Build.0 = Release|Any CPU
		{2DFE3321-3871-4DFC-B28D-85DBF4909A40}.Debug|Any CPU.ActiveCfg = Debug|Any CPU
		{2DFE3321-3871-4DFC-B28D-85DBF4909A40}.Debug|Any CPU.Build.0 = Debug|Any CPU
		{2DFE3321-3871-4DFC-B28D-85DBF4909A40}.Release|Any CPU.ActiveCfg = Release|Any CPU
		{2DFE3321-3871-4DFC-B28D-85DBF4909A40}.Release|Any CPU.Build.0 = Release|Any CPU
		{3E21EAB7-F1DB-4D63-85D2-AAFBF91D67C3}.Debug|Any CPU.ActiveCfg = Debug|Any CPU
		{3E21EAB7-F1DB-4D63-85D2-AAFBF91D67C3}.Debug|Any CPU.Build.0 = Debug|Any CPU
		{3E21EAB7-F1DB-4D63-85D2-AAFBF91D67C3}.Release|Any CPU.ActiveCfg = Release|Any CPU
		{3E21EAB7-F1DB-4D63-85D2-AAFBF91D67C3}.Release|Any CPU.Build.0 = Release|Any CPU
		{10A628B7-D038-4777-9B17-0AE92B418D73}.Debug|Any CPU.ActiveCfg = Debug|Any CPU
		{10A628B7-D038-4777-9B17-0AE92B418D73}.Debug|Any CPU.Build.0 = Debug|Any CPU
		{10A628B7-D038-4777-9B17-0AE92B418D73}.Release|Any CPU.ActiveCfg = Release|Any CPU
		{10A628B7-D038-4777-9B17-0AE92B418D73}.Release|Any CPU.Build.0 = Release|Any CPU
	EndGlobalSection
	GlobalSection(SolutionProperties) = preSolution
		HideSolutionNode = FALSE
	EndGlobalSection
	GlobalSection(ExtensibilityGlobals) = postSolution
		SolutionGuid = {BC844A9A-20EC-435D-8D65-7D6CB2E1BCDD}
	EndGlobalSection
EndGlobal
